
Microsoft Visual Studio Solution File, Format Version 12.00
# Visual Studio Version 17
VisualStudioVersion = 17.3.32825.248
MinimumVisualStudioVersion = 10.0.40219.1
Project("{9A19103F-16F7-4668-BE54-9A1E7A4F7556}") = "palwio.Console", "palwio\palwio.Console.csproj", "{3986E887-5CCA-4F92-9F35-225563709341}"
EndProject
Project("{FAE04EC0-301F-11D3-BF4B-00C04F79EFBC}") = "palwio.Desktop", "palwio.Desktop\palwio.Desktop.csproj", "{6664E60B-5FA9-45E6-BB9F-CB30B889A13D}"
EndProject
Project("{FAE04EC0-301F-11D3-BF4B-00C04F79EFBC}") = "palwio.Shared", "palwio.Shared\palwio.Shared.csproj", "{DC673459-7B80-456A-BB2A-328D78E1BF18}"
EndProject
Global
	GlobalSection(SolutionConfigurationPlatforms) = preSolution
		Debug|Any CPU = Debug|Any CPU
		Release|Any CPU = Release|Any CPU
	EndGlobalSection
	GlobalSection(ProjectConfigurationPlatforms) = postSolution
		{3986E887-5CCA-4F92-9F35-225563709341}.Debug|Any CPU.ActiveCfg = Debug|Any CPU
		{3986E887-5CCA-4F92-9F35-225563709341}.Debug|Any CPU.Build.0 = Debug|Any CPU
		{3986E887-5CCA-4F92-9F35-225563709341}.Release|Any CPU.ActiveCfg = Release|Any CPU
		{3986E887-5CCA-4F92-9F35-225563709341}.Release|Any CPU.Build.0 = Release|Any CPU
		{6664E60B-5FA9-45E6-BB9F-CB30B889A13D}.Debug|Any CPU.ActiveCfg = Debug|Any CPU
		{6664E60B-5FA9-45E6-BB9F-CB30B889A13D}.Debug|Any CPU.Build.0 = Debug|Any CPU
		{6664E60B-5FA9-45E6-BB9F-CB30B889A13D}.Release|Any CPU.ActiveCfg = Release|Any CPU
		{6664E60B-5FA9-45E6-BB9F-CB30B889A13D}.Release|Any CPU.Build.0 = Release|Any CPU
		{DC673459-7B80-456A-BB2A-328D78E1BF18}.Debug|Any CPU.ActiveCfg = Debug|Any CPU
		{DC673459-7B80-456A-BB2A-328D78E1BF18}.Debug|Any CPU.Build.0 = Debug|Any CPU
		{DC673459-7B80-456A-BB2A-328D78E1BF18}.Release|Any CPU.ActiveCfg = Release|Any CPU
		{DC673459-7B80-456A-BB2A-328D78E1BF18}.Release|Any CPU.Build.0 = Release|Any CPU
	EndGlobalSection
	GlobalSection(SolutionProperties) = preSolution
		HideSolutionNode = FALSE
	EndGlobalSection
	GlobalSection(ExtensibilityGlobals) = postSolution
		SolutionGuid = {0E7B039C-67F5-4038-B498-1E7FE7579F47}
	EndGlobalSection
EndGlobal
